// !$*UTF8*$!
{
	archiveVersion = 1;
	classes = {
	};
	objectVersion = 56;
	objects = {

/* Begin PBXBuildFile section */
		05E4F6A52A86D4A600BCCAD3 /* AppDelegate.swift in Sources */ = {isa = PBXBuildFile; fileRef = 05E4F6A42A86D4A600BCCAD3 /* AppDelegate.swift */; };
		05E4F6A72A86D4A600BCCAD3 /* SceneDelegate.swift in Sources */ = {isa = PBXBuildFile; fileRef = 05E4F6A62A86D4A600BCCAD3 /* SceneDelegate.swift */; };
		05E4F6A92A86D4A600BCCAD3 /* LoginViewController.swift in Sources */ = {isa = PBXBuildFile; fileRef = 05E4F6A82A86D4A600BCCAD3 /* LoginViewController.swift */; };
		05E4F6AE2A86D4A700BCCAD3 /* Assets.xcassets in Resources */ = {isa = PBXBuildFile; fileRef = 05E4F6AD2A86D4A700BCCAD3 /* Assets.xcassets */; };
		05E4F6B12A86D4A700BCCAD3 /* LaunchScreen.storyboard in Resources */ = {isa = PBXBuildFile; fileRef = 05E4F6AF2A86D4A700BCCAD3 /* LaunchScreen.storyboard */; };
		05E4F6BE2A86D5F800BCCAD3 /* BaseController.swift in Sources */ = {isa = PBXBuildFile; fileRef = 05E4F6BD2A86D5F800BCCAD3 /* BaseController.swift */; };
		05E4F6C22A86D75400BCCAD3 /* UIView+Utils.swift in Sources */ = {isa = PBXBuildFile; fileRef = 05E4F6C12A86D75400BCCAD3 /* UIView+Utils.swift */; };
		05E4F6C52A8775CF00BCCAD3 /* Resources.swift in Sources */ = {isa = PBXBuildFile; fileRef = 05E4F6C42A8775CF00BCCAD3 /* Resources.swift */; };
		05E4F6CB2A878FCF00BCCAD3 /* UIColor.swift in Sources */ = {isa = PBXBuildFile; fileRef = 05E4F6CA2A878FCF00BCCAD3 /* UIColor.swift */; };
		05E4F6CF2A87B5FA00BCCAD3 /* String+PhoneNumberFormatting.swift in Sources */ = {isa = PBXBuildFile; fileRef = 05E4F6CE2A87B5FA00BCCAD3 /* String+PhoneNumberFormatting.swift */; };
/* End PBXBuildFile section */

/* Begin PBXFileReference section */
		05E4F6A12A86D4A600BCCAD3 /* LoginTestApp.app */ = {isa = PBXFileReference; explicitFileType = wrapper.application; includeInIndex = 0; path = LoginTestApp.app; sourceTree = BUILT_PRODUCTS_DIR; };
		05E4F6A42A86D4A600BCCAD3 /* AppDelegate.swift */ = {isa = PBXFileReference; lastKnownFileType = sourcecode.swift; path = AppDelegate.swift; sourceTree = "<group>"; };
		05E4F6A62A86D4A600BCCAD3 /* SceneDelegate.swift */ = {isa = PBXFileReference; lastKnownFileType = sourcecode.swift; path = SceneDelegate.swift; sourceTree = "<group>"; };
		05E4F6A82A86D4A600BCCAD3 /* LoginViewController.swift */ = {isa = PBXFileReference; lastKnownFileType = sourcecode.swift; path = LoginViewController.swift; sourceTree = "<group>"; };
		05E4F6AD2A86D4A700BCCAD3 /* Assets.xcassets */ = {isa = PBXFileReference; lastKnownFileType = folder.assetcatalog; path = Assets.xcassets; sourceTree = "<group>"; };
		05E4F6B02A86D4A700BCCAD3 /* Base */ = {isa = PBXFileReference; lastKnownFileType = file.storyboard; name = Base; path = Base.lproj/LaunchScreen.storyboard; sourceTree = "<group>"; };
		05E4F6B22A86D4A700BCCAD3 /* Info.plist */ = {isa = PBXFileReference; lastKnownFileType = text.plist.xml; path = Info.plist; sourceTree = "<group>"; };
		05E4F6BD2A86D5F800BCCAD3 /* BaseController.swift */ = {isa = PBXFileReference; lastKnownFileType = sourcecode.swift; path = BaseController.swift; sourceTree = "<group>"; };
		05E4F6C12A86D75400BCCAD3 /* UIView+Utils.swift */ = {isa = PBXFileReference; lastKnownFileType = sourcecode.swift; path = "UIView+Utils.swift"; sourceTree = "<group>"; };
		05E4F6C42A8775CF00BCCAD3 /* Resources.swift */ = {isa = PBXFileReference; lastKnownFileType = sourcecode.swift; path = Resources.swift; sourceTree = "<group>"; };
		05E4F6CA2A878FCF00BCCAD3 /* UIColor.swift */ = {isa = PBXFileReference; lastKnownFileType = sourcecode.swift; path = UIColor.swift; sourceTree = "<group>"; };
		05E4F6CE2A87B5FA00BCCAD3 /* String+PhoneNumberFormatting.swift */ = {isa = PBXFileReference; lastKnownFileType = sourcecode.swift; path = "String+PhoneNumberFormatting.swift"; sourceTree = "<group>"; };
/* End PBXFileReference section */

/* Begin PBXFrameworksBuildPhase section */
		05E4F69E2A86D4A600BCCAD3 /* Frameworks */ = {
			isa = PBXFrameworksBuildPhase;
			buildActionMask = 2147483647;
			files = (
			);
			runOnlyForDeploymentPostprocessing = 0;
		};
/* End PBXFrameworksBuildPhase section */

/* Begin PBXGroup section */
		05E4F6982A86D4A600BCCAD3 = {
			isa = PBXGroup;
			children = (
				05E4F6A32A86D4A600BCCAD3 /* LoginTestApp */,
				05E4F6A22A86D4A600BCCAD3 /* Products */,
			);
			sourceTree = "<group>";
		};
		05E4F6A22A86D4A600BCCAD3 /* Products */ = {
			isa = PBXGroup;
			children = (
				05E4F6A12A86D4A600BCCAD3 /* LoginTestApp.app */,
			);
			name = Products;
			sourceTree = "<group>";
		};
		05E4F6A32A86D4A600BCCAD3 /* LoginTestApp */ = {
			isa = PBXGroup;
			children = (
				05E4F6BB2A86D5AD00BCCAD3 /* Application */,
				05E4F6BF2A86D67A00BCCAD3 /* Core */,
				05E4F6C32A86D7A900BCCAD3 /* Resources */,
				05E4F6BA2A86D59A00BCCAD3 /* Scenes */,
				05E4F6B82A86D54F00BCCAD3 /* Supporting */,
			);
			path = LoginTestApp;
			sourceTree = "<group>";
		};
		05E4F6B82A86D54F00BCCAD3 /* Supporting */ = {
			isa = PBXGroup;
			children = (
				05E4F6AD2A86D4A700BCCAD3 /* Assets.xcassets */,
				05E4F6AF2A86D4A700BCCAD3 /* LaunchScreen.storyboard */,
				05E4F6B22A86D4A700BCCAD3 /* Info.plist */,
			);
			path = Supporting;
			sourceTree = "<group>";
		};
		05E4F6B92A86D58E00BCCAD3 /* Login */ = {
			isa = PBXGroup;
			children = (
				05E4F6A82A86D4A600BCCAD3 /* LoginViewController.swift */,
			);
			path = Login;
			sourceTree = "<group>";
		};
		05E4F6BA2A86D59A00BCCAD3 /* Scenes */ = {
			isa = PBXGroup;
			children = (
				05E4F6B92A86D58E00BCCAD3 /* Login */,
			);
			path = Scenes;
			sourceTree = "<group>";
		};
		05E4F6BB2A86D5AD00BCCAD3 /* Application */ = {
			isa = PBXGroup;
			children = (
				05E4F6BC2A86D5EC00BCCAD3 /* Base */,
				05E4F6A42A86D4A600BCCAD3 /* AppDelegate.swift */,
				05E4F6A62A86D4A600BCCAD3 /* SceneDelegate.swift */,
			);
			path = Application;
			sourceTree = "<group>";
		};
		05E4F6BC2A86D5EC00BCCAD3 /* Base */ = {
			isa = PBXGroup;
			children = (
				05E4F6BD2A86D5F800BCCAD3 /* BaseController.swift */,
			);
			path = Base;
			sourceTree = "<group>";
		};
		05E4F6BF2A86D67A00BCCAD3 /* Core */ = {
			isa = PBXGroup;
			children = (
				05E4F6C02A86D72C00BCCAD3 /* Extension */,
				05E4F6CE2A87B5FA00BCCAD3 /* String+PhoneNumberFormatting.swift */,
			);
			path = Core;
			sourceTree = "<group>";
		};
		05E4F6C02A86D72C00BCCAD3 /* Extension */ = {
			isa = PBXGroup;
			children = (
				05E4F6C12A86D75400BCCAD3 /* UIView+Utils.swift */,
			);
			path = Extension;
			sourceTree = "<group>";
		};
		05E4F6C32A86D7A900BCCAD3 /* Resources */ = {
			isa = PBXGroup;
			children = (
				05E4F6C92A878F8F00BCCAD3 /* Extension */,
				05E4F6C42A8775CF00BCCAD3 /* Resources.swift */,
			);
			path = Resources;
			sourceTree = "<group>";
		};
		05E4F6C92A878F8F00BCCAD3 /* Extension */ = {
			isa = PBXGroup;
			children = (
				05E4F6CA2A878FCF00BCCAD3 /* UIColor.swift */,
			);
			path = Extension;
			sourceTree = "<group>";
		};
/* End PBXGroup section */

/* Begin PBXNativeTarget section */
		05E4F6A02A86D4A600BCCAD3 /* LoginTestApp */ = {
			isa = PBXNativeTarget;
			buildConfigurationList = 05E4F6B52A86D4A700BCCAD3 /* Build configuration list for PBXNativeTarget "LoginTestApp" */;
			buildPhases = (
				05E4F69D2A86D4A600BCCAD3 /* Sources */,
				05E4F69E2A86D4A600BCCAD3 /* Frameworks */,
				05E4F69F2A86D4A600BCCAD3 /* Resources */,
			);
			buildRules = (
			);
			dependencies = (
			);
			name = LoginTestApp;
			productName = LoginTestApp;
			productReference = 05E4F6A12A86D4A600BCCAD3 /* LoginTestApp.app */;
			productType = "com.apple.product-type.application";
		};
/* End PBXNativeTarget section */

/* Begin PBXProject section */
		05E4F6992A86D4A600BCCAD3 /* Project object */ = {
			isa = PBXProject;
			attributes = {
				BuildIndependentTargetsInParallel = 1;
				LastSwiftUpdateCheck = 1430;
				LastUpgradeCheck = 1430;
				TargetAttributes = {
					05E4F6A02A86D4A600BCCAD3 = {
						CreatedOnToolsVersion = 14.3;
					};
				};
			};
			buildConfigurationList = 05E4F69C2A86D4A600BCCAD3 /* Build configuration list for PBXProject "LoginTestApp" */;
			compatibilityVersion = "Xcode 14.0";
			developmentRegion = en;
			hasScannedForEncodings = 0;
			knownRegions = (
				en,
				Base,
			);
			mainGroup = 05E4F6982A86D4A600BCCAD3;
			productRefGroup = 05E4F6A22A86D4A600BCCAD3 /* Products */;
			projectDirPath = "";
			projectRoot = "";
			targets = (
				05E4F6A02A86D4A600BCCAD3 /* LoginTestApp */,
			);
		};
/* End PBXProject section */

/* Begin PBXResourcesBuildPhase section */
		05E4F69F2A86D4A600BCCAD3 /* Resources */ = {
			isa = PBXResourcesBuildPhase;
			buildActionMask = 2147483647;
			files = (
				05E4F6B12A86D4A700BCCAD3 /* LaunchScreen.storyboard in Resources */,
				05E4F6AE2A86D4A700BCCAD3 /* Assets.xcassets in Resources */,
			);
			runOnlyForDeploymentPostprocessing = 0;
		};
/* End PBXResourcesBuildPhase section */

/* Begin PBXSourcesBuildPhase section */
		05E4F69D2A86D4A600BCCAD3 /* Sources */ = {
			isa = PBXSourcesBuildPhase;
			buildActionMask = 2147483647;
			files = (
				05E4F6A92A86D4A600BCCAD3 /* LoginViewController.swift in Sources */,
				05E4F6CF2A87B5FA00BCCAD3 /* String+PhoneNumberFormatting.swift in Sources */,
				05E4F6CB2A878FCF00BCCAD3 /* UIColor.swift in Sources */,
				05E4F6A52A86D4A600BCCAD3 /* AppDelegate.swift in Sources */,
				05E4F6C22A86D75400BCCAD3 /* UIView+Utils.swift in Sources */,
				05E4F6C52A8775CF00BCCAD3 /* Resources.swift in Sources */,
				05E4F6BE2A86D5F800BCCAD3 /* BaseController.swift in Sources */,
				05E4F6A72A86D4A600BCCAD3 /* SceneDelegate.swift in Sources */,
			);
			runOnlyForDeploymentPostprocessing = 0;
		};
/* End PBXSourcesBuildPhase section */

/* Begin PBXVariantGroup section */
		05E4F6AF2A86D4A700BCCAD3 /* LaunchScreen.storyboard */ = {
			isa = PBXVariantGroup;
			children = (
				05E4F6B02A86D4A700BCCAD3 /* Base */,
			);
			name = LaunchScreen.storyboard;
			sourceTree = "<group>";
		};
/* End PBXVariantGroup section */

/* Begin XCBuildConfiguration section */
		05E4F6B32A86D4A700BCCAD3 /* Debug */ = {
			isa = XCBuildConfiguration;
			buildSettings = {
				ALWAYS_SEARCH_USER_PATHS = NO;
				CLANG_ANALYZER_NONNULL = YES;
				CLANG_ANALYZER_NUMBER_OBJECT_CONVERSION = YES_AGGRESSIVE;
				CLANG_CXX_LANGUAGE_STANDARD = "gnu++20";
				CLANG_ENABLE_MODULES = YES;
				CLANG_ENABLE_OBJC_ARC = YES;
				CLANG_ENABLE_OBJC_WEAK = YES;
				CLANG_WARN_BLOCK_CAPTURE_AUTORELEASING = YES;
				CLANG_WARN_BOOL_CONVERSION = YES;
				CLANG_WARN_COMMA = YES;
				CLANG_WARN_CONSTANT_CONVERSION = YES;
				CLANG_WARN_DEPRECATED_OBJC_IMPLEMENTATIONS = YES;
				CLANG_WARN_DIRECT_OBJC_ISA_USAGE = YES_ERROR;
				CLANG_WARN_DOCUMENTATION_COMMENTS = YES;
				CLANG_WARN_EMPTY_BODY = YES;
				CLANG_WARN_ENUM_CONVERSION = YES;
				CLANG_WARN_INFINITE_RECURSION = YES;
				CLANG_WARN_INT_CONVERSION = YES;
				CLANG_WARN_NON_LITERAL_NULL_CONVERSION = YES;
				CLANG_WARN_OBJC_IMPLICIT_RETAIN_SELF = YES;
				CLANG_WARN_OBJC_LITERAL_CONVERSION = YES;
				CLANG_WARN_OBJC_ROOT_CLASS = YES_ERROR;
				CLANG_WARN_QUOTED_INCLUDE_IN_FRAMEWORK_HEADER = YES;
				CLANG_WARN_RANGE_LOOP_ANALYSIS = YES;
				CLANG_WARN_STRICT_PROTOTYPES = YES;
				CLANG_WARN_SUSPICIOUS_MOVE = YES;
				CLANG_WARN_UNGUARDED_AVAILABILITY = YES_AGGRESSIVE;
				CLANG_WARN_UNREACHABLE_CODE = YES;
				CLANG_WARN__DUPLICATE_METHOD_MATCH = YES;
				COPY_PHASE_STRIP = NO;
				DEBUG_INFORMATION_FORMAT = dwarf;
				ENABLE_STRICT_OBJC_MSGSEND = YES;
				ENABLE_TESTABILITY = YES;
				GCC_C_LANGUAGE_STANDARD = gnu11;
				GCC_DYNAMIC_NO_PIC = NO;
				GCC_NO_COMMON_BLOCKS = YES;
				GCC_OPTIMIZATION_LEVEL = 0;
				GCC_PREPROCESSOR_DEFINITIONS = (
					"DEBUG=1",
					"$(inherited)",
				);
				GCC_WARN_64_TO_32_BIT_CONVERSION = YES;
				GCC_WARN_ABOUT_RETURN_TYPE = YES_ERROR;
				GCC_WARN_UNDECLARED_SELECTOR = YES;
				GCC_WARN_UNINITIALIZED_AUTOS = YES_AGGRESSIVE;
				GCC_WARN_UNUSED_FUNCTION = YES;
				GCC_WARN_UNUSED_VARIABLE = YES;
				IPHONEOS_DEPLOYMENT_TARGET = 16.4;
				MTL_ENABLE_DEBUG_INFO = INCLUDE_SOURCE;
				MTL_FAST_MATH = YES;
				ONLY_ACTIVE_ARCH = YES;
				SDKROOT = iphoneos;
				SWIFT_ACTIVE_COMPILATION_CONDITIONS = DEBUG;
				SWIFT_OPTIMIZATION_LEVEL = "-Onone";
			};
			name = Debug;
		};
		05E4F6B42A86D4A700BCCAD3 /* Release */ = {
			isa = XCBuildConfiguration;
			buildSettings = {
				ALWAYS_SEARCH_USER_PATHS = NO;
				CLANG_ANALYZER_NONNULL = YES;
				CLANG_ANALYZER_NUMBER_OBJECT_CONVERSION = YES_AGGRESSIVE;
				CLANG_CXX_LANGUAGE_STANDARD = "gnu++20";
				CLANG_ENABLE_MODULES = YES;
				CLANG_ENABLE_OBJC_ARC = YES;
				CLANG_ENABLE_OBJC_WEAK = YES;
				CLANG_WARN_BLOCK_CAPTURE_AUTORELEASING = YES;
				CLANG_WARN_BOOL_CONVERSION = YES;
				CLANG_WARN_COMMA = YES;
				CLANG_WARN_CONSTANT_CONVERSION = YES;
				CLANG_WARN_DEPRECATED_OBJC_IMPLEMENTATIONS = YES;
				CLANG_WARN_DIRECT_OBJC_ISA_USAGE = YES_ERROR;
				CLANG_WARN_DOCUMENTATION_COMMENTS = YES;
				CLANG_WARN_EMPTY_BODY = YES;
				CLANG_WARN_ENUM_CONVERSION = YES;
				CLANG_WARN_INFINITE_RECURSION = YES;
				CLANG_WARN_INT_CONVERSION = YES;
				CLANG_WARN_NON_LITERAL_NULL_CONVERSION = YES;
				CLANG_WARN_OBJC_IMPLICIT_RETAIN_SELF = YES;
				CLANG_WARN_OBJC_LITERAL_CONVERSION = YES;
				CLANG_WARN_OBJC_ROOT_CLASS = YES_ERROR;
				CLANG_WARN_QUOTED_INCLUDE_IN_FRAMEWORK_HEADER = YES;
				CLANG_WARN_RANGE_LOOP_ANALYSIS = YES;
				CLANG_WARN_STRICT_PROTOTYPES = YES;
				CLANG_WARN_SUSPICIOUS_MOVE = YES;
				CLANG_WARN_UNGUARDED_AVAILABILITY = YES_AGGRESSIVE;
				CLANG_WARN_UNREACHABLE_CODE = YES;
				CLANG_WARN__DUPLICATE_METHOD_MATCH = YES;
				COPY_PHASE_STRIP = NO;
				DEBUG_INFORMATION_FORMAT = "dwarf-with-dsym";
				ENABLE_NS_ASSERTIONS = NO;
				ENABLE_STRICT_OBJC_MSGSEND = YES;
				GCC_C_LANGUAGE_STANDARD = gnu11;
				GCC_NO_COMMON_BLOCKS = YES;
				GCC_WARN_64_TO_32_BIT_CONVERSION = YES;
				GCC_WARN_ABOUT_RETURN_TYPE = YES_ERROR;
				GCC_WARN_UNDECLARED_SELECTOR = YES;
				GCC_WARN_UNINITIALIZED_AUTOS = YES_AGGRESSIVE;
				GCC_WARN_UNUSED_FUNCTION = YES;
				GCC_WARN_UNUSED_VARIABLE = YES;
				IPHONEOS_DEPLOYMENT_TARGET = 16.4;
				MTL_ENABLE_DEBUG_INFO = NO;
				MTL_FAST_MATH = YES;
				SDKROOT = iphoneos;
				SWIFT_COMPILATION_MODE = wholemodule;
				SWIFT_OPTIMIZATION_LEVEL = "-O";
				VALIDATE_PRODUCT = YES;
			};
			name = Release;
		};
		05E4F6B62A86D4A700BCCAD3 /* Debug */ = {
			isa = XCBuildConfiguration;
			buildSettings = {
				ASSETCATALOG_COMPILER_APPICON_NAME = AppIcon;
				ASSETCATALOG_COMPILER_GLOBAL_ACCENT_COLOR_NAME = AccentColor;
				CODE_SIGN_STYLE = Automatic;
				CURRENT_PROJECT_VERSION = 1;
				DEVELOPMENT_TEAM = 94Y6332Y3J;
				GENERATE_INFOPLIST_FILE = YES;
				INFOPLIST_FILE = LoginTestApp/Supporting/Info.plist;
				INFOPLIST_KEY_UIApplicationSupportsIndirectInputEvents = YES;
				INFOPLIST_KEY_UILaunchStoryboardName = LaunchScreen;
				INFOPLIST_KEY_UISupportedInterfaceOrientations_iPad = "UIInterfaceOrientationPortrait UIInterfaceOrientationPortraitUpsideDown UIInterfaceOrientationLandscapeLeft UIInterfaceOrientationLandscapeRight";
				INFOPLIST_KEY_UISupportedInterfaceOrientations_iPhone = "UIInterfaceOrientationPortrait UIInterfaceOrientationLandscapeLeft UIInterfaceOrientationLandscapeRight";
				LD_RUNPATH_SEARCH_PATHS = (
					"$(inherited)",
					"@executable_path/Frameworks",
				);
				MARKETING_VERSION = 1.0;
				PRODUCT_BUNDLE_IDENTIFIER = com.cantt39t.LoginTestApp;
				PRODUCT_NAME = "$(TARGET_NAME)";
				SWIFT_EMIT_LOC_STRINGS = YES;
				SWIFT_VERSION = 5.0;
				TARGETED_DEVICE_FAMILY = "1,2";
			};
			name = Debug;
		};
		05E4F6B72A86D4A700BCCAD3 /* Release */ = {
			isa = XCBuildConfiguration;
			buildSettings = {
				ASSETCATALOG_COMPILER_APPICON_NAME = AppIcon;
				ASSETCATALOG_COMPILER_GLOBAL_ACCENT_COLOR_NAME = AccentColor;
				CODE_SIGN_STYLE = Automatic;
				CURRENT_PROJECT_VERSION = 1;
				DEVELOPMENT_TEAM = 94Y6332Y3J;
				GENERATE_INFOPLIST_FILE = YES;
				INFOPLIST_FILE = LoginTestApp/Supporting/Info.plist;
				INFOPLIST_KEY_UIApplicationSupportsIndirectInputEvents = YES;
				INFOPLIST_KEY_UILaunchStoryboardName = LaunchScreen;
				INFOPLIST_KEY_UISupportedInterfaceOrientations_iPad = "UIInterfaceOrientationPortrait UIInterfaceOrientationPortraitUpsideDown UIInterfaceOrientationLandscapeLeft UIInterfaceOrientationLandscapeRight";
				INFOPLIST_KEY_UISupportedInterfaceOrientations_iPhone = "UIInterfaceOrientationPortrait UIInterfaceOrientationLandscapeLeft UIInterfaceOrientationLandscapeRight";
				LD_RUNPATH_SEARCH_PATHS = (
					"$(inherited)",
					"@executable_path/Frameworks",
				);
				MARKETING_VERSION = 1.0;
				PRODUCT_BUNDLE_IDENTIFIER = com.cantt39t.LoginTestApp;
				PRODUCT_NAME = "$(TARGET_NAME)";
				SWIFT_EMIT_LOC_STRINGS = YES;
				SWIFT_VERSION = 5.0;
				TARGETED_DEVICE_FAMILY = "1,2";
			};
			name = Release;
		};
/* End XCBuildConfiguration section */

/* Begin XCConfigurationList section */
		05E4F69C2A86D4A600BCCAD3 /* Build configuration list for PBXProject "LoginTestApp" */ = {
			isa = XCConfigurationList;
			buildConfigurations = (
				05E4F6B32A86D4A700BCCAD3 /* Debug */,
				05E4F6B42A86D4A700BCCAD3 /* Release */,
			);
			defaultConfigurationIsVisible = 0;
			defaultConfigurationName = Release;
		};
		05E4F6B52A86D4A700BCCAD3 /* Build configuration list for PBXNativeTarget "LoginTestApp" */ = {
			isa = XCConfigurationList;
			buildConfigurations = (
				05E4F6B62A86D4A700BCCAD3 /* Debug */,
				05E4F6B72A86D4A700BCCAD3 /* Release */,
			);
			defaultConfigurationIsVisible = 0;
			defaultConfigurationName = Release;
		};
/* End XCConfigurationList section */
	};
	rootObject = 05E4F6992A86D4A600BCCAD3 /* Project object */;
}
